
Microsoft Visual Studio Solution File, Format Version 12.00
# Visual Studio Version 17
VisualStudioVersion = 17.11.35303.130
MinimumVisualStudioVersion = 10.0.40219.1
Project("{FAE04EC0-301F-11D3-BF4B-00C04F79EFBC}") = "LottoInit", "LottoInit\LottoInit.csproj", "{F7EC916B-131F-4F5A-AECE-B55A2120D52C}"
EndProject
Project("{FAE04EC0-301F-11D3-BF4B-00C04F79EFBC}") = "LottoSzimulacio", "LottoSzimulacio\LottoSzimulacio.csproj", "{DDDD9836-7DFB-4C2D-8FE3-06082D019272}"
EndProject
Project("{FAE04EC0-301F-11D3-BF4B-00C04F79EFBC}") = "LottoAPI", "LottoAPI\LottoAPI.csproj", "{03030F5B-4ECD-4C7D-9D00-083F31B0D5A2}"
EndProject
Project("{FAE04EC0-301F-11D3-BF4B-00C04F79EFBC}") = "ClassLibrary", "ClassLibrary\ClassLibrary.csproj", "{D06C635A-CB93-4C2C-A536-87A523B0B09F}"
EndProject
Global
	GlobalSection(SolutionConfigurationPlatforms) = preSolution
		Debug|Any CPU = Debug|Any CPU
		Release|Any CPU = Release|Any CPU
	EndGlobalSection
	GlobalSection(ProjectConfigurationPlatforms) = postSolution
		{F7EC916B-131F-4F5A-AECE-B55A2120D52C}.Debug|Any CPU.ActiveCfg = Debug|Any CPU
		{F7EC916B-131F-4F5A-AECE-B55A2120D52C}.Debug|Any CPU.Build.0 = Debug|Any CPU
		{F7EC916B-131F-4F5A-AECE-B55A2120D52C}.Release|Any CPU.ActiveCfg = Release|Any CPU
		{F7EC916B-131F-4F5A-AECE-B55A2120D52C}.Release|Any CPU.Build.0 = Release|Any CPU
		{DDDD9836-7DFB-4C2D-8FE3-06082D019272}.Debug|Any CPU.ActiveCfg = Debug|Any CPU
		{DDDD9836-7DFB-4C2D-8FE3-06082D019272}.Debug|Any CPU.Build.0 = Debug|Any CPU
		{DDDD9836-7DFB-4C2D-8FE3-06082D019272}.Release|Any CPU.ActiveCfg = Release|Any CPU
		{DDDD9836-7DFB-4C2D-8FE3-06082D019272}.Release|Any CPU.Build.0 = Release|Any CPU
		{03030F5B-4ECD-4C7D-9D00-083F31B0D5A2}.Debug|Any CPU.ActiveCfg = Debug|Any CPU
		{03030F5B-4ECD-4C7D-9D00-083F31B0D5A2}.Debug|Any CPU.Build.0 = Debug|Any CPU
		{03030F5B-4ECD-4C7D-9D00-083F31B0D5A2}.Release|Any CPU.ActiveCfg = Release|Any CPU
		{03030F5B-4ECD-4C7D-9D00-083F31B0D5A2}.Release|Any CPU.Build.0 = Release|Any CPU
		{D06C635A-CB93-4C2C-A536-87A523B0B09F}.Debug|Any CPU.ActiveCfg = Debug|Any CPU
		{D06C635A-CB93-4C2C-A536-87A523B0B09F}.Debug|Any CPU.Build.0 = Debug|Any CPU
		{D06C635A-CB93-4C2C-A536-87A523B0B09F}.Release|Any CPU.ActiveCfg = Release|Any CPU
		{D06C635A-CB93-4C2C-A536-87A523B0B09F}.Release|Any CPU.Build.0 = Release|Any CPU
	EndGlobalSection
	GlobalSection(SolutionProperties) = preSolution
		HideSolutionNode = FALSE
	EndGlobalSection
	GlobalSection(ExtensibilityGlobals) = postSolution
		SolutionGuid = {76972D43-0079-4B2B-8C5C-7F1436E37128}
	EndGlobalSection
EndGlobal
